
Microsoft Visual Studio Solution File, Format Version 12.00
# Visual Studio 15
VisualStudioVersion = 15.0.28010.2016
MinimumVisualStudioVersion = 10.0.40219.1
Project("{8BC9CEB8-8B4A-11D0-8D11-00A0C91BC942}") = "Engine", "Engine\Engine.vcxproj", "{81E3939A-EB42-456E-A1C0-8F5C360166EE}"
EndProject
Project("{8BC9CEB8-8B4A-11D0-8D11-00A0C91BC942}") = "UnitTest", "UnitTest\UnitTest.vcxproj", "{A90E0B59-5C71-484A-A8FC-3A72FC89339E}"
EndProject
Project("{8BC9CEB8-8B4A-11D0-8D11-00A0C91BC942}") = "Game", "Game\Game.vcxproj", "{119B91A2-60BB-40F1-AD4D-440E1F34E76D}"
	ProjectSection(ProjectDependencies) = postProject
		{81E3939A-EB42-456E-A1C0-8F5C360166EE} = {81E3939A-EB42-456E-A1C0-8F5C360166EE}
	EndProjectSection
EndProject
Global
	GlobalSection(Performance) = preSolution
		HasPerformanceSessions = true
	EndGlobalSection
	GlobalSection(SolutionConfigurationPlatforms) = preSolution
		Debug|x64 = Debug|x64
		Debug|x86 = Debug|x86
		Release|x64 = Release|x64
		Release|x86 = Release|x86
	EndGlobalSection
	GlobalSection(ProjectConfigurationPlatforms) = postSolution
		{81E3939A-EB42-456E-A1C0-8F5C360166EE}.Debug|x64.ActiveCfg = Debug|x64
		{81E3939A-EB42-456E-A1C0-8F5C360166EE}.Debug|x64.Build.0 = Debug|x64
		{81E3939A-EB42-456E-A1C0-8F5C360166EE}.Debug|x86.ActiveCfg = Debug|x64
		{81E3939A-EB42-456E-A1C0-8F5C360166EE}.Debug|x86.Build.0 = Debug|x64
		{81E3939A-EB42-456E-A1C0-8F5C360166EE}.Release|x64.ActiveCfg = Debug|x64
		{81E3939A-EB42-456E-A1C0-8F5C360166EE}.Release|x64.Build.0 = Debug|x64
		{81E3939A-EB42-456E-A1C0-8F5C360166EE}.Release|x86.ActiveCfg = Debug|x64
		{81E3939A-EB42-456E-A1C0-8F5C360166EE}.Release|x86.Build.0 = Debug|x64
		{A90E0B59-5C71-484A-A8FC-3A72FC89339E}.Debug|x64.ActiveCfg = Debug|x64
		{A90E0B59-5C71-484A-A8FC-3A72FC89339E}.Debug|x64.Build.0 = Debug|x64
		{A90E0B59-5C71-484A-A8FC-3A72FC89339E}.Debug|x86.ActiveCfg = Debug|x64
		{A90E0B59-5C71-484A-A8FC-3A72FC89339E}.Debug|x86.Build.0 = Debug|x64
		{A90E0B59-5C71-484A-A8FC-3A72FC89339E}.Release|x64.ActiveCfg = Debug|x64
		{A90E0B59-5C71-484A-A8FC-3A72FC89339E}.Release|x64.Build.0 = Debug|x64
		{A90E0B59-5C71-484A-A8FC-3A72FC89339E}.Release|x86.ActiveCfg = Debug|x64
		{A90E0B59-5C71-484A-A8FC-3A72FC89339E}.Release|x86.Build.0 = Debug|x64
		{119B91A2-60BB-40F1-AD4D-440E1F34E76D}.Debug|x64.ActiveCfg = Debug|x64
		{119B91A2-60BB-40F1-AD4D-440E1F34E76D}.Debug|x64.Build.0 = Debug|x64
		{119B91A2-60BB-40F1-AD4D-440E1F34E76D}.Debug|x86.ActiveCfg = Debug|x64
		{119B91A2-60BB-40F1-AD4D-440E1F34E76D}.Debug|x86.Build.0 = Debug|x64
		{119B91A2-60BB-40F1-AD4D-440E1F34E76D}.Release|x64.ActiveCfg = Debug|x64
		{119B91A2-60BB-40F1-AD4D-440E1F34E76D}.Release|x64.Build.0 = Debug|x64
		{119B91A2-60BB-40F1-AD4D-440E1F34E76D}.Release|x86.ActiveCfg = Debug|x64
		{119B91A2-60BB-40F1-AD4D-440E1F34E76D}.Release|x86.Build.0 = Debug|x64
	EndGlobalSection
	GlobalSection(SolutionProperties) = preSolution
		HideSolutionNode = FALSE
	EndGlobalSection
	GlobalSection(ExtensibilityGlobals) = postSolution
		SolutionGuid = {86CAB849-E542-4D95-A322-1AA63E795DC5}
	EndGlobalSection
EndGlobal
